PODS:
  - AvailableHapticFeedback (1.0.1)
  - MultiSlider (1.9.9):
    - AvailableHapticFeedback
    - SweeterSwift
  - SweeterSwift (1.0.2)
  - SwiftFormat/CLI (0.40.10)
  - SwiftLint (0.34.0)
  - SwiftQuality (1.0.4):
    - SwiftFormat/CLI (= 0.40.10)
    - SwiftLint (= 0.34.0)

DEPENDENCIES:
  - MultiSlider (from `..`)
  - SwiftQuality (from `https://github.com/yonat/SwiftQuality`)

SPEC REPOS:
  https://github.com/CocoaPods/Specs.git:
    - AvailableHapticFeedback
    - SweeterSwift
    - SwiftFormat
    - SwiftLint

EXTERNAL SOURCES:
  MultiSlider:
    :path: ".."
  SwiftQuality:
    :git: https://github.com/yonat/SwiftQuality

CHECKOUT OPTIONS:
  SwiftQuality:
    :commit: aa5167c9e5a63bb0d9adb8ac3a26ed6444077686
    :git: https://github.com/yonat/SwiftQuality

SPEC CHECKSUMS:
  AvailableHapticFeedback: 4c88299eb4baa09fd833e4a9170c8552bba8a5cb
  MultiSlider: e58b5a03456ad2d07814611e49f0f061222d6c32
  SweeterSwift: a1251964a86f00441fd39605fd071d6255b97eed
  SwiftFormat: d0e2118da5bfccc0158f0b8eff80c476c5acd984
  SwiftLint: 79d48a17c6565dc286c37efb8322c7b450f95c67
  SwiftQuality: b82257ee3bf1193fd2c01681438d71a5e5ae2f9a

PODFILE CHECKSUM: 2517c5183ed1670f727ded96079942305293ee36

COCOAPODS: 1.8.3
